Microsoft Visual Studio Solution File, Format Version 12.00
# Visual Studio 2012
Project("{FAE04EC0-301F-11D3-BF4B-00C04F79EFBC}") = "Wario-Ware", "Wario-Ware.csproj", "{1D1B6067-86D5-4591-88A9-D32709E0C597}"
EndProject
Global
	GlobalSection(SolutionConfigurationPlatforms) = preSolution
	Debug|Any CPU = Debug|Any CPU
	ExportDebug|Any CPU = ExportDebug|Any CPU
	ExportRelease|Any CPU = ExportRelease|Any CPU
	EndGlobalSection
	GlobalSection(ProjectConfigurationPlatforms) = postSolution
		{1D1B6067-86D5-4591-88A9-D32709E0C597}.Debug|Any CPU.ActiveCfg = Debug|Any CPU
		{1D1B6067-86D5-4591-88A9-D32709E0C597}.Debug|Any CPU.Build.0 = Debug|Any CPU
		{1D1B6067-86D5-4591-88A9-D32709E0C597}.ExportDebug|Any CPU.ActiveCfg = ExportDebug|Any CPU
		{1D1B6067-86D5-4591-88A9-D32709E0C597}.ExportDebug|Any CPU.Build.0 = ExportDebug|Any CPU
		{1D1B6067-86D5-4591-88A9-D32709E0C597}.ExportRelease|Any CPU.ActiveCfg = ExportRelease|Any CPU
		{1D1B6067-86D5-4591-88A9-D32709E0C597}.ExportRelease|Any CPU.Build.0 = ExportRelease|Any CPU
	EndGlobalSection
EndGlobal
